// !$*UTF8*$!
{
	archiveVersion = 1;
	classes = {
	};
	objectVersion = 46;
	objects = {

/* Begin PBXBuildFile section */
		52CD456A1B9A9A190002B8D1 /* main.m in Sources */ = {isa = PBXBuildFile; fileRef = 52CD45691B9A9A190002B8D1 /* main.m */; };
		52CD456D1B9A9A190002B8D1 /* AppDelegate.m in Sources */ = {isa = PBXBuildFile; fileRef = 52CD456C1B9A9A190002B8D1 /* AppDelegate.m */; };
		52CD45701B9A9A190002B8D1 /* BaoBaoJi.xcdatamodeld in Sources */ = {isa = PBXBuildFile; fileRef = 52CD456E1B9A9A190002B8D1 /* BaoBaoJi.xcdatamodeld */; };
		52CD45731B9A9A190002B8D1 /* ViewController.m in Sources */ = {isa = PBXBuildFile; fileRef = 52CD45721B9A9A190002B8D1 /* ViewController.m */; };
		52CD45761B9A9A190002B8D1 /* Main.storyboard in Resources */ = {isa = PBXBuildFile; fileRef = 52CD45741B9A9A190002B8D1 /* Main.storyboard */; };
		52CD45781B9A9A190002B8D1 /* Images.xcassets in Resources */ = {isa = PBXBuildFile; fileRef = 52CD45771B9A9A190002B8D1 /* Images.xcassets */; };
		52CD457B1B9A9A190002B8D1 /* LaunchScreen.xib in Resources */ = {isa = PBXBuildFile; fileRef = 52CD45791B9A9A190002B8D1 /* LaunchScreen.xib */; };
		52CD45871B9A9A190002B8D1 /* BaoBaoJiTests.m in Sources */ = {isa = PBXBuildFile; fileRef = 52CD45861B9A9A190002B8D1 /* BaoBaoJiTests.m */; };
/* End PBXBuildFile section */

/* Begin PBXContainerItemProxy section */
		52CD45811B9A9A190002B8D1 /* PBXContainerItemProxy */ = {
			isa = PBXContainerItemProxy;
			containerPortal = 52CD455C1B9A9A190002B8D1 /* Project object */;
			proxyType = 1;
			remoteGlobalIDString = 52CD45631B9A9A190002B8D1;
			remoteInfo = BaoBaoJi;
		};
/* End PBXContainerItemProxy section */

/* Begin PBXFileReference section */
		52CD45641B9A9A190002B8D1 /* BaoBaoJi.app */ = {isa = PBXFileReference; explicitFileType = wrapper.application; includeInIndex = 0; path = BaoBaoJi.app; sourceTree = BUILT_PRODUCTS_DIR; };
		52CD45681B9A9A190002B8D1 /* Info.plist */ = {isa = PBXFileReference; lastKnownFileType = text.plist.xml; path = Info.plist; sourceTree = "<group>"; };
		52CD45691B9A9A190002B8D1 /* main.m */ = {isa = PBXFileReference; lastKnownFileType = sourcecode.c.objc; path = main.m; sourceTree = "<group>"; };
		52CD456B1B9A9A190002B8D1 /* AppDelegate.h */ = {isa = PBXFileReference; lastKnownFileType = sourcecode.c.h; path = AppDelegate.h; sourceTree = "<group>"; };
		52CD456C1B9A9A190002B8D1 /* AppDelegate.m */ = {isa = PBXFileReference; lastKnownFileType = sourcecode.c.objc; path = AppDelegate.m; sourceTree = "<group>"; };
		52CD456F1B9A9A190002B8D1 /* BaoBaoJi.xcdatamodel */ = {isa = PBXFileReference; lastKnownFileType = wrapper.xcdatamodel; path = BaoBaoJi.xcdatamodel; sourceTree = "<group>"; };
		52CD45711B9A9A190002B8D1 /* ViewController.h */ = {isa = PBXFileReference; lastKnownFileType = sourcecode.c.h; path = ViewController.h; sourceTree = "<group>"; };
		52CD45721B9A9A190002B8D1 /* ViewController.m */ = {isa = PBXFileReference; lastKnownFileType = sourcecode.c.objc; path = ViewController.m; sourceTree = "<group>"; };
		52CD45751B9A9A190002B8D1 /* Base */ = {isa = PBXFileReference; lastKnownFileType = file.storyboard; name = Base; path = Base.lproj/Main.storyboard; sourceTree = "<group>"; };
		52CD45771B9A9A190002B8D1 /* Images.xcassets */ = {isa = PBXFileReference; lastKnownFileType = folder.assetcatalog; path = Images.xcassets; sourceTree = "<group>"; };
		52CD457A1B9A9A190002B8D1 /* Base */ = {isa = PBXFileReference; lastKnownFileType = file.xib; name = Base; path = Base.lproj/LaunchScreen.xib; sourceTree = "<group>"; };
		52CD45801B9A9A190002B8D1 /* BaoBaoJiTests.xctest */ = {isa = PBXFileReference; explicitFileType = wrapper.cfbundle; includeInIndex = 0; path = BaoBaoJiTests.xctest; sourceTree = BUILT_PRODUCTS_DIR; };
		52CD45851B9A9A190002B8D1 /* Info.plist */ = {isa = PBXFileReference; lastKnownFileType = text.plist.xml; path = Info.plist; sourceTree = "<group>"; };
		52CD45861B9A9A190002B8D1 /* BaoBaoJiTests.m */ = {isa = PBXFileReference; lastKnownFileType = sourcecode.c.objc; path = BaoBaoJiTests.m; sourceTree = "<group>"; };
/* End PBXFileReference section */

/* Begin PBXFrameworksBuildPhase section */
		52CD45611B9A9A190002B8D1 /* Frameworks */ = {
			isa = PBXFrameworksBuildPhase;
			buildActionMask = 2147483647;
			files = (
			);
			runOnlyForDeploymentPostprocessing = 0;
		};
		52CD457D1B9A9A190002B8D1 /* Frameworks */ = {
			isa = PBXFrameworksBuildPhase;
			buildActionMask = 2147483647;
			files = (
			);
			runOnlyForDeploymentPostprocessing = 0;
		};
/* End PBXFrameworksBuildPhase section */

/* Begin PBXGroup section */
		52CD455B1B9A9A190002B8D1 = {
			isa = PBXGroup;
			children = (
				52CD45661B9A9A190002B8D1 /* BaoBaoJi */,
				52CD45831B9A9A190002B8D1 /* BaoBaoJiTests */,
				52CD45651B9A9A190002B8D1 /* Products */,
			);
			sourceTree = "<group>";
		};
		52CD45651B9A9A190002B8D1 /* Products */ = {
			isa = PBXGroup;
			children = (
				52CD45641B9A9A190002B8D1 /* BaoBaoJi.app */,
				52CD45801B9A9A190002B8D1 /* BaoBaoJiTests.xctest */,
			);
			name = Products;
			sourceTree = "<group>";
		};
		52CD45661B9A9A190002B8D1 /* BaoBaoJi */ = {
			isa = PBXGroup;
			children = (
				52CD456B1B9A9A190002B8D1 /* AppDelegate.h */,
				52CD456C1B9A9A190002B8D1 /* AppDelegate.m */,
				52CD45711B9A9A190002B8D1 /* ViewController.h */,
				52CD45721B9A9A190002B8D1 /* ViewController.m */,
				52CD45741B9A9A190002B8D1 /* Main.storyboard */,
				52CD45771B9A9A190002B8D1 /* Images.xcassets */,
				52CD45791B9A9A190002B8D1 /* LaunchScreen.xib */,
				52CD456E1B9A9A190002B8D1 /* BaoBaoJi.xcdatamodeld */,
				52CD45671B9A9A190002B8D1 /* Supporting Files */,
			);
			path = BaoBaoJi;
			sourceTree = "<group>";
		};
		52CD45671B9A9A190002B8D1 /* Supporting Files */ = {
			isa = PBXGroup;
			children = (
				52CD45681B9A9A190002B8D1 /* Info.plist */,
				52CD45691B9A9A190002B8D1 /* main.m */,
			);
			name = "Supporting Files";
			sourceTree = "<group>";
		};
		52CD45831B9A9A190002B8D1 /* BaoBaoJiTests */ = {
			isa = PBXGroup;
			children = (
				52CD45861B9A9A190002B8D1 /* BaoBaoJiTests.m */,
				52CD45841B9A9A190002B8D1 /* Supporting Files */,
			);
			path = BaoBaoJiTests;
			sourceTree = "<group>";
		};
		52CD45841B9A9A190002B8D1 /* Supporting Files */ = {
			isa = PBXGroup;
			children = (
				52CD45851B9A9A190002B8D1 /* Info.plist */,
			);
			name = "Supporting Files";
			sourceTree = "<group>";
		};
/* End PBXGroup section */

/* Begin PBXNativeTarget section */
		52CD45631B9A9A190002B8D1 /* BaoBaoJi */ = {
			isa = PBXNativeTarget;
			buildConfigurationList = 52CD458A1B9A9A190002B8D1 /* Build configuration list for PBXNativeTarget "BaoBaoJi" */;
			buildPhases = (
				52CD45601B9A9A190002B8D1 /* Sources */,
				52CD45611B9A9A190002B8D1 /* Frameworks */,
				52CD45621B9A9A190002B8D1 /* Resources */,
			);
			buildRules = (
			);
			dependencies = (
			);
			name = BaoBaoJi;
			productName = BaoBaoJi;
			productReference = 52CD45641B9A9A190002B8D1 /* BaoBaoJi.app */;
			productType = "com.apple.product-type.application";
		};
		52CD457F1B9A9A190002B8D1 /* BaoBaoJiTests */ = {
			isa = PBXNativeTarget;
			buildConfigurationList = 52CD458D1B9A9A190002B8D1 /* Build configuration list for PBXNativeTarget "BaoBaoJiTests" */;
			buildPhases = (
				52CD457C1B9A9A190002B8D1 /* Sources */,
				52CD457D1B9A9A190002B8D1 /* Frameworks */,
				52CD457E1B9A9A190002B8D1 /* Resources */,
			);
			buildRules = (
			);
			dependencies = (
				52CD45821B9A9A190002B8D1 /* PBXTargetDependency */,
			);
			name = BaoBaoJiTests;
			productName = BaoBaoJiTests;
			productReference = 52CD45801B9A9A190002B8D1 /* BaoBaoJiTests.xctest */;
			productType = "com.apple.product-type.bundle.unit-test";
		};
/* End PBXNativeTarget section */

/* Begin PBXProject section */
		52CD455C1B9A9A190002B8D1 /* Project object */ = {
			isa = PBXProject;
			attributes = {
				LastUpgradeCheck = 0640;
				ORGANIZATIONNAME = buerguo;
				TargetAttributes = {
					52CD45631B9A9A190002B8D1 = {
						CreatedOnToolsVersion = 6.4;
					};
					52CD457F1B9A9A190002B8D1 = {
						CreatedOnToolsVersion = 6.4;
						TestTargetID = 52CD45631B9A9A190002B8D1;
					};
				};
			};
			buildConfigurationList = 52CD455F1B9A9A190002B8D1 /* Build configuration list for PBXProject "BaoBaoJi" */;
			compatibilityVersion = "Xcode 3.2";
			developmentRegion = English;
			hasScannedForEncodings = 0;
			knownRegions = (
				en,
				Base,
			);
			mainGroup = 52CD455B1B9A9A190002B8D1;
			productRefGroup = 52CD45651B9A9A190002B8D1 /* Products */;
			projectDirPath = "";
			projectRoot = "";
			targets = (
				52CD45631B9A9A190002B8D1 /* BaoBaoJi */,
				52CD457F1B9A9A190002B8D1 /* BaoBaoJiTests */,
			);
		};
/* End PBXProject section */

/* Begin PBXResourcesBuildPhase section */
		52CD45621B9A9A190002B8D1 /* Resources */ = {
			isa = PBXResourcesBuildPhase;
			buildActionMask = 2147483647;
			files = (
				52CD45761B9A9A190002B8D1 /* Main.storyboard in Resources */,
				52CD457B1B9A9A190002B8D1 /* LaunchScreen.xib in Resources */,
				52CD45781B9A9A190002B8D1 /* Images.xcassets in Resources */,
			);
			runOnlyForDeploymentPostprocessing = 0;
		};
		52CD457E1B9A9A190002B8D1 /* Resources */ = {
			isa = PBXResourcesBuildPhase;
			buildActionMask = 2147483647;
			files = (
			);
			runOnlyForDeploymentPostprocessing = 0;
		};
/* End PBXResourcesBuildPhase section */

/* Begin PBXSourcesBuildPhase section */
		52CD45601B9A9A190002B8D1 /* Sources */ = {
			isa = PBXSourcesBuildPhase;
			buildActionMask = 2147483647;
			files = (
				52CD45701B9A9A190002B8D1 /* BaoBaoJi.xcdatamodeld in Sources */,
				52CD456D1B9A9A190002B8D1 /* AppDelegate.m in Sources */,
				52CD45731B9A9A190002B8D1 /* ViewController.m in Sources */,
				52CD456A1B9A9A190002B8D1 /* main.m in Sources */,
			);
			runOnlyForDeploymentPostprocessing = 0;
		};
		52CD457C1B9A9A190002B8D1 /* Sources */ = {
			isa = PBXSourcesBuildPhase;
			buildActionMask = 2147483647;
			files = (
				52CD45871B9A9A190002B8D1 /* BaoBaoJiTests.m in Sources */,
			);
			runOnlyForDeploymentPostprocessing = 0;
		};
/* End PBXSourcesBuildPhase section */

/* Begin PBXTargetDependency section */
		52CD45821B9A9A190002B8D1 /* PBXTargetDependency */ = {
			isa = PBXTargetDependency;
			target = 52CD45631B9A9A190002B8D1 /* BaoBaoJi */;
			targetProxy = 52CD45811B9A9A190002B8D1 /* PBXContainerItemProxy */;
		};
/* End PBXTargetDependency section */

/* Begin PBXVariantGroup section */
		52CD45741B9A9A190002B8D1 /* Main.storyboard */ = {
			isa = PBXVariantGroup;
			children = (
				52CD45751B9A9A190002B8D1 /* Base */,
			);
			name = Main.storyboard;
			sourceTree = "<group>";
		};
		52CD45791B9A9A190002B8D1 /* LaunchScreen.xib */ = {
			isa = PBXVariantGroup;
			children = (
				52CD457A1B9A9A190002B8D1 /* Base */,
			);
			name = LaunchScreen.xib;
			sourceTree = "<group>";
		};
/* End PBXVariantGroup section */

/* Begin XCBuildConfiguration section */
		52CD45881B9A9A190002B8D1 /* Debug */ = {
			isa = XCBuildConfiguration;
			buildSettings = {
				ALWAYS_SEARCH_USER_PATHS = NO;
				CLANG_CXX_LANGUAGE_STANDARD = "gnu++0x";
				CLANG_CXX_LIBRARY = "libc++";
				CLANG_ENABLE_MODULES = YES;
				CLANG_ENABLE_OBJC_ARC = YES;
				CLANG_WARN_BOOL_CONVERSION = YES;
				CLANG_WARN_CONSTANT_CONVERSION = YES;
				CLANG_WARN_DIRECT_OBJC_ISA_USAGE = YES_ERROR;
				CLANG_WARN_EMPTY_BODY = YES;
				CLANG_WARN_ENUM_CONVERSION = YES;
				CLANG_WARN_INT_CONVERSION = YES;
				CLANG_WARN_OBJC_ROOT_CLASS = YES_ERROR;
				CLANG_WARN_UNREACHABLE_CODE = YES;
				CLANG_WARN__DUPLICATE_METHOD_MATCH = YES;
				"CODE_SIGN_IDENTITY[sdk=iphoneos*]" = "iPhone Developer";
				COPY_PHASE_STRIP = NO;
				DEBUG_INFORMATION_FORMAT = "dwarf-with-dsym";
				ENABLE_STRICT_OBJC_MSGSEND = YES;
				GCC_C_LANGUAGE_STANDARD = gnu99;
				GCC_DYNAMIC_NO_PIC = NO;
				GCC_NO_COMMON_BLOCKS = YES;
				GCC_OPTIMIZATION_LEVEL = 0;
				GCC_PREPROCESSOR_DEFINITIONS = (
					"DEBUG=1",
					"$(inherited)",
				);
				GCC_SYMBOLS_PRIVATE_EXTERN = NO;
				GCC_WARN_64_TO_32_BIT_CONVERSION = YES;
				GCC_WARN_ABOUT_RETURN_TYPE = YES_ERROR;
				GCC_WARN_UNDECLARED_SELECTOR = YES;
				GCC_WARN_UNINITIALIZED_AUTOS = YES_AGGRESSIVE;
				GCC_WARN_UNUSED_FUNCTION = YES;
				GCC_WARN_UNUSED_VARIABLE = YES;
				IPHONEOS_DEPLOYMENT_TARGET = 8.4;
				MTL_ENABLE_DEBUG_INFO = YES;
				ONLY_ACTIVE_ARCH = YES;
				SDKROOT = iphoneos;
			};
			name = Debug;
		};
		52CD45891B9A9A190002B8D1 /* Release */ = {
			isa = XCBuildConfiguration;
			buildSettings = {
				ALWAYS_SEARCH_USER_PATHS = NO;
				CLANG_CXX_LANGUAGE_STANDARD = "gnu++0x";
				CLANG_CXX_LIBRARY = "libc++";
				CLANG_ENABLE_MODULES = YES;
				CLANG_ENABLE_OBJC_ARC = YES;
				CLANG_WARN_BOOL_CONVERSION = YES;
				CLANG_WARN_CONSTANT_CONVERSION = YES;
				CLANG_WARN_DIRECT_OBJC_ISA_USAGE = YES_ERROR;
				CLANG_WARN_EMPTY_BODY = YES;
				CLANG_WARN_ENUM_CONVERSION = YES;
				CLANG_WARN_INT_CONVERSION = YES;
				CLANG_WARN_OBJC_ROOT_CLASS = YES_ERROR;
				CLANG_WARN_UNREACHABLE_CODE = YES;
				CLANG_WARN__DUPLICATE_METHOD_MATCH = YES;
				"CODE_SIGN_IDENTITY[sdk=iphoneos*]" = "iPhone Developer";
				COPY_PHASE_STRIP = NO;
				DEBUG_INFORMATION_FORMAT = "dwarf-with-dsym";
				ENABLE_NS_ASSERTIONS = NO;
				ENABLE_STRICT_OBJC_MSGSEND = YES;
				GCC_C_LANGUAGE_STANDARD = gnu99;
				GCC_NO_COMMON_BLOCKS = YES;
				GCC_WARN_64_TO_32_BIT_CONVERSION = YES;
				GCC_WARN_ABOUT_RETURN_TYPE = YES_ERROR;
				GCC_WARN_UNDECLARED_SELECTOR = YES;
				GCC_WARN_UNINITIALIZED_AUTOS = YES_AGGRESSIVE;
				GCC_WARN_UNUSED_FUNCTION = YES;
				GCC_WARN_UNUSED_VARIABLE = YES;
				IPHONEOS_DEPLOYMENT_TARGET = 8.4;
				MTL_ENABLE_DEBUG_INFO = NO;
				SDKROOT = iphoneos;
				VALIDATE_PRODUCT = YES;
			};
			name = Release;
		};
		52CD458B1B9A9A190002B8D1 /* Debug */ = {
			isa = XCBuildConfiguration;
			buildSettings = {
				ASSETCATALOG_COMPILER_APPICON_NAME = AppIcon;
				INFOPLIST_FILE = BaoBaoJi/Info.plist;
				LD_RUNPATH_SEARCH_PATHS = "$(inherited) @executable_path/Frameworks";
				PRODUCT_NAME = "$(TARGET_NAME)";
			};
			name = Debug;
		};
		52CD458C1B9A9A190002B8D1 /* Release */ = {
			isa = XCBuildConfiguration;
			buildSettings = {
				ASSETCATALOG_COMPILER_APPICON_NAME = AppIcon;
				INFOPLIST_FILE = BaoBaoJi/Info.plist;
				LD_RUNPATH_SEARCH_PATHS = "$(inherited) @executable_path/Frameworks";
				PRODUCT_NAME = "$(TARGET_NAME)";
			};
			name = Release;
		};
		52CD458E1B9A9A190002B8D1 /* Debug */ = {
			isa = XCBuildConfiguration;
			buildSettings = {
				BUNDLE_LOADER = "$(TEST_HOST)";
				FRAMEWORK_SEARCH_PATHS = (
					"$(SDKROOT)/Developer/Library/Frameworks",
					"$(inherited)",
				);
				GCC_PREPROCESSOR_DEFINITIONS = (
					"DEBUG=1",
					"$(inherited)",
				);
				INFOPLIST_FILE = BaoBaoJiTests/Info.plist;
				LD_RUNPATH_SEARCH_PATHS = "$(inherited) @executable_path/Frameworks @loader_path/Frameworks";
				PRODUCT_NAME = "$(TARGET_NAME)";
				TEST_HOST = "$(BUILT_PRODUCTS_DIR)/BaoBaoJi.app/BaoBaoJi";
			};
			name = Debug;
		};
		52CD458F1B9A9A190002B8D1 /* Release */ = {
			isa = XCBuildConfiguration;
			buildSettings = {
				BUNDLE_LOADER = "$(TEST_HOST)";
				FRAMEWORK_SEARCH_PATHS = (
					"$(SDKROOT)/Developer/Library/Frameworks",
					"$(inherited)",
				);
				INFOPLIST_FILE = BaoBaoJiTests/Info.plist;
				LD_RUNPATH_SEARCH_PATHS = "$(inherited) @executable_path/Frameworks @loader_path/Frameworks";
				PRODUCT_NAME = "$(TARGET_NAME)";
				TEST_HOST = "$(BUILT_PRODUCTS_DIR)/BaoBaoJi.app/BaoBaoJi";
			};
			name = Release;
		};
/* End XCBuildConfiguration section */

/* Begin XCConfigurationList section */
		52CD455F1B9A9A190002B8D1 /* Build configuration list for PBXProject "BaoBaoJi" */ = {
			isa = XCConfigurationList;
			buildConfigurations = (
				52CD45881B9A9A190002B8D1 /* Debug */,
				52CD45891B9A9A190002B8D1 /* Release */,
			);
			defaultConfigurationIsVisible = 0;
			defaultConfigurationName = Release;
		};
		52CD458A1B9A9A190002B8D1 /* Build configuration list for PBXNativeTarget "BaoBaoJi" */ = {
			isa = XCConfigurationList;
			buildConfigurations = (
				52CD458B1B9A9A190002B8D1 /* Debug */,
				52CD458C1B9A9A190002B8D1 /* Release */,
			);
			defaultConfigurationIsVisible = 0;
		};
		52CD458D1B9A9A190002B8D1 /* Build configuration list for PBXNativeTarget "BaoBaoJiTests" */ = {
			isa = XCConfigurationList;
			buildConfigurations = (
				52CD458E1B9A9A190002B8D1 /* Debug */,
				52CD458F1B9A9A190002B8D1 /* Release */,
			);
			defaultConfigurationIsVisible = 0;
		};
/* End XCConfigurationList section */

/* Begin XCVersionGroup section */
		52CD456E1B9A9A190002B8D1 /* BaoBaoJi.xcdatamodeld */ = {
			isa = XCVersionGroup;
			children = (
				52CD456F1B9A9A190002B8D1 /* BaoBaoJi.xcdatamodel */,
			);
			currentVersion = 52CD456F1B9A9A190002B8D1 /* BaoBaoJi.xcdatamodel */;
			path = BaoBaoJi.xcdatamodeld;
			sourceTree = "<group>";
			versionGroupType = wrapper.xcdatamodel;
		};
/* End XCVersionGroup section */
	};
	rootObject = 52CD455C1B9A9A190002B8D1 /* Project object */;
}
